
Microsoft Visual Studio Solution File, Format Version 12.00
# Visual Studio Version 17
VisualStudioVersion = 17.5.33103.201
MinimumVisualStudioVersion = 10.0.40219.1
Project("{FAE04EC0-301F-11D3-BF4B-00C04F79EFBC}") = "RecipePicker", "RecipePicker\RecipePicker.csproj", "{5C842BAF-3BF6-4770-A722-0C9A4AB7B747}"
EndProject
Project("{FAE04EC0-301F-11D3-BF4B-00C04F79EFBC}") = "RecipePickerClassLibrary", "RecipePickerClassLibrary\RecipePickerClassLibrary.csproj", "{6EF90FF2-8870-4C95-A4ED-9C403DA3C3D2}"
EndProject
Project("{FAE04EC0-301F-11D3-BF4B-00C04F79EFBC}") = "RecipePickerClassLibraryTests", "RecipePickerClassLibraryTests\RecipePickerClassLibraryTests.csproj", "{68470868-7E6B-4FB1-9E94-2E6BDD2EEB99}"
EndProject
Global
	GlobalSection(SolutionConfigurationPlatforms) = preSolution
		Debug|Any CPU = Debug|Any CPU
		Release|Any CPU = Release|Any CPU
	EndGlobalSection
	GlobalSection(ProjectConfigurationPlatforms) = postSolution
		{5C842BAF-3BF6-4770-A722-0C9A4AB7B747}.Debug|Any CPU.ActiveCfg = Debug|Any CPU
		{5C842BAF-3BF6-4770-A722-0C9A4AB7B747}.Debug|Any CPU.Build.0 = Debug|Any CPU
		{5C842BAF-3BF6-4770-A722-0C9A4AB7B747}.Release|Any CPU.ActiveCfg = Release|Any CPU
		{5C842BAF-3BF6-4770-A722-0C9A4AB7B747}.Release|Any CPU.Build.0 = Release|Any CPU
		{6EF90FF2-8870-4C95-A4ED-9C403DA3C3D2}.Debug|Any CPU.ActiveCfg = Debug|Any CPU
		{6EF90FF2-8870-4C95-A4ED-9C403DA3C3D2}.Debug|Any CPU.Build.0 = Debug|Any CPU
		{6EF90FF2-8870-4C95-A4ED-9C403DA3C3D2}.Release|Any CPU.ActiveCfg = Release|Any CPU
		{6EF90FF2-8870-4C95-A4ED-9C403DA3C3D2}.Release|Any CPU.Build.0 = Release|Any CPU
		{68470868-7E6B-4FB1-9E94-2E6BDD2EEB99}.Debug|Any CPU.ActiveCfg = Debug|Any CPU
		{68470868-7E6B-4FB1-9E94-2E6BDD2EEB99}.Debug|Any CPU.Build.0 = Debug|Any CPU
		{68470868-7E6B-4FB1-9E94-2E6BDD2EEB99}.Release|Any CPU.ActiveCfg = Release|Any CPU
		{68470868-7E6B-4FB1-9E94-2E6BDD2EEB99}.Release|Any CPU.Build.0 = Release|Any CPU
	EndGlobalSection
	GlobalSection(SolutionProperties) = preSolution
		HideSolutionNode = FALSE
	EndGlobalSection
	GlobalSection(ExtensibilityGlobals) = postSolution
		SolutionGuid = {EFD0B5F0-DFE1-4EE4-A4E5-5258173EBD73}
	EndGlobalSection
EndGlobal
